# THIS IS AN AUTOGENERATED FILE. DO NOT EDIT THIS FILE DIRECTLY.
# yarn lockfile v1


f.js@^0.0.3:
  version "0.0.3"
  resolved "https://registry.yarnpkg.com/f.js/-/f.js-0.0.3.tgz#982c7c08f85b80e9370815f518af42892b880ff7"
  integrity sha1-mCx8CPhbgOk3CBX1GK9CiSuID/c=

hello.js@^1.0.0:
  version "1.0.0"
  resolved "https://registry.yarnpkg.com/hello.js/-/hello.js-1.0.0.tgz#a60bd32e2f215630431585870810c01c54e454e1"
  integrity sha1-pgvTLi8hVjBDFYWHCBDAHFTkVOE=

uniq@^1.0.1:
  version "1.0.1"
  resolved "https://registry.yarnpkg.com/uniq/-/uniq-1.0.1.tgz#b31c5ae8254844a3a8281541ce2b04b865a734ff"
  integrity sha1-sxxa6CVIRKOoKBVBzisEuGWnNP8=
